
Microsoft Visual Studio Solution File, Format Version 12.00
# Visual Studio Version 17
VisualStudioVersion = 17.2.32516.85
MinimumVisualStudioVersion = 10.0.40219.1
Project("{FAE04EC0-301F-11D3-BF4B-00C04F79EFBC}") = "grafy", "grafy\grafy.csproj", "{DEEAF243-DE18-42BE-A6DE-DEFA0B4F2C92}"
EndProject
Project("{FAE04EC0-301F-11D3-BF4B-00C04F79EFBC}") = "Algorytm", "Algorytm\Algorytm.csproj", "{23C38829-1A6B-48F5-A2AF-F85FDA465226}"
EndProject
Global
	GlobalSection(SolutionConfigurationPlatforms) = preSolution
		Debug|Any CPU = Debug|Any CPU
		Release|Any CPU = Release|Any CPU
	EndGlobalSection
	GlobalSection(ProjectConfigurationPlatforms) = postSolution
		{DEEAF243-DE18-42BE-A6DE-DEFA0B4F2C92}.Debug|Any CPU.ActiveCfg = Debug|Any CPU
		{DEEAF243-DE18-42BE-A6DE-DEFA0B4F2C92}.Debug|Any CPU.Build.0 = Debug|Any CPU
		{DEEAF243-DE18-42BE-A6DE-DEFA0B4F2C92}.Release|Any CPU.ActiveCfg = Release|Any CPU
		{DEEAF243-DE18-42BE-A6DE-DEFA0B4F2C92}.Release|Any CPU.Build.0 = Release|Any CPU
		{23C38829-1A6B-48F5-A2AF-F85FDA465226}.Debug|Any CPU.ActiveCfg = Debug|Any CPU
		{23C38829-1A6B-48F5-A2AF-F85FDA465226}.Debug|Any CPU.Build.0 = Debug|Any CPU
		{23C38829-1A6B-48F5-A2AF-F85FDA465226}.Release|Any CPU.ActiveCfg = Release|Any CPU
		{23C38829-1A6B-48F5-A2AF-F85FDA465226}.Release|Any CPU.Build.0 = Release|Any CPU
	EndGlobalSection
	GlobalSection(SolutionProperties) = preSolution
		HideSolutionNode = FALSE
	EndGlobalSection
	GlobalSection(ExtensibilityGlobals) = postSolution
		SolutionGuid = {3B485AC5-20D6-4D32-8367-051AB451234C}
	EndGlobalSection
EndGlobal
